# THIS IS AN AUTOGENERATED FILE. DO NOT EDIT THIS FILE DIRECTLY.
# yarn lockfile v1


batch-processor@1.0.0:
  version "1.0.0"
  resolved "https://registry.yarnpkg.com/batch-processor/-/batch-processor-1.0.0.tgz#75c95c32b748e0850d10c2b168f6bdbe9891ace8"

classnames@^2.2.5:
  version "2.2.5"
  resolved "https://registry.yarnpkg.com/classnames/-/classnames-2.2.5.tgz#fb3801d453467649ef3603c7d61a02bd129bde6d"

element-resize-detector@^1.1.12:
  version "1.2.0"
  resolved "https://registry.yarnpkg.com/element-resize-detector/-/element-resize-detector-1.2.0.tgz#63344fd6f4e5ecff6f018d027e17b281fd4fa338"
  dependencies:
    batch-processor "1.0.0"

is-plain-object@^2.0.3:
  version "2.0.4"
  resolved "https://registry.yarnpkg.com/is-plain-object/-/is-plain-object-2.0.4.tgz#2c163b3fafb1b606d9d17928f05c2a1c38e07677"
  dependencies:
    isobject "^3.0.1"

isobject@^3.0.1:
  version "3.0.1"
  resolved "https://registry.yarnpkg.com/isobject/-/isobject-3.0.1.tgz#4e431e92b11a9731636aa1f9c8d1ccbcfdab78df"

stampy@^0.34.0:
  version "0.34.0"
  resolved "https://registry.yarnpkg.com/stampy/-/stampy-0.34.0.tgz#0cc642bcffc36cacf3f17a0c7f250041c512b38c"
  dependencies:
    classnames "^2.2.5"
    element-resize-detector "^1.1.12"
    is-plain-object "^2.0.3"
    url-search-params "^0.9.0"

url-search-params@^0.9.0:
  version "0.9.0"
  resolved "https://registry.yarnpkg.com/url-search-params/-/url-search-params-0.9.0.tgz#e71d7764a6503533cbfe9771b2963cb61ea1c225"
